
Microsoft Visual Studio Solution File, Format Version 12.00
# Visual Studio Version 16
VisualStudioVersion = 16.0.30711.63
MinimumVisualStudioVersion = 10.0.40219.1
Project("{FAE04EC0-301F-11D3-BF4B-00C04F79EFBC}") = "Snappet Test Case", "Snappet Test Case\Snappet Test Case.csproj", "{572D50EE-85AD-4EC5-B5B1-6D0E4B378221}"
EndProject
Global
	GlobalSection(SolutionConfigurationPlatforms) = preSolution
		Debug|Any CPU = Debug|Any CPU
		Release|Any CPU = Release|Any CPU
	EndGlobalSection
	GlobalSection(ProjectConfigurationPlatforms) = postSolution
		{572D50EE-85AD-4EC5-B5B1-6D0E4B378221}.Debug|Any CPU.ActiveCfg = Debug|Any CPU
		{572D50EE-85AD-4EC5-B5B1-6D0E4B378221}.Debug|Any CPU.Build.0 = Debug|Any CPU
		{572D50EE-85AD-4EC5-B5B1-6D0E4B378221}.Release|Any CPU.ActiveCfg = Release|Any CPU
		{572D50EE-85AD-4EC5-B5B1-6D0E4B378221}.Release|Any CPU.Build.0 = Release|Any CPU
	EndGlobalSection
	GlobalSection(SolutionProperties) = preSolution
		HideSolutionNode = FALSE
	EndGlobalSection
	GlobalSection(ExtensibilityGlobals) = postSolution
		SolutionGuid = {7E1C8C64-2BAF-44D4-9817-92094D00C877}
	EndGlobalSection
EndGlobal
